
Microsoft Visual Studio Solution File, Format Version 11.00
# Visual Studio 2010
Project("{FAE04EC0-301F-11D3-BF4B-00C04F79EFBC}") = "SAVED-PANESv1", "Assembly-CSharp.csproj", "{F640F81A-F57C-D0E0-DAC3-79DF0D537876}"
EndProject
Global
	GlobalSection(SolutionConfigurationPlatforms) = preSolution
		Debug|Any CPU = Debug|Any CPU
		Release|Any CPU = Release|Any CPU
	EndGlobalSection
	GlobalSection(ProjectConfigurationPlatforms) = postSolution
		{F640F81A-F57C-D0E0-DAC3-79DF0D537876}.Debug|Any CPU.ActiveCfg = Debug|Any CPU
		{F640F81A-F57C-D0E0-DAC3-79DF0D537876}.Debug|Any CPU.Build.0 = Debug|Any CPU
		{F640F81A-F57C-D0E0-DAC3-79DF0D537876}.Release|Any CPU.ActiveCfg = Release|Any CPU
		{F640F81A-F57C-D0E0-DAC3-79DF0D537876}.Release|Any CPU.Build.0 = Release|Any CPU
	EndGlobalSection
	GlobalSection(SolutionProperties) = preSolution
		HideSolutionNode = FALSE
	EndGlobalSection
	GlobalSection(MonoDevelopProperties) = preSolution
		StartupItem = Assembly-CSharp.csproj
	EndGlobalSection
EndGlobal
